// !$*UTF8*$!
{
	archiveVersion = 1;
	classes = {
	};
	objectVersion = 50;
	objects = {

/* Begin PBXBuildFile section */
		557B7A372182859600DE1D31 /* BLEManager.swift in Sources */ = {isa = PBXBuildFile; fileRef = 557B7A362182859600DE1D31 /* BLEManager.swift */; };
		55A5BF2421B4CE72006A1305 /* SocketServer.swift in Sources */ = {isa = PBXBuildFile; fileRef = 55A5BF2321B4CE72006A1305 /* SocketServer.swift */; };
		55DE119C216CD30B005DC7D7 /* AppDelegate.swift in Sources */ = {isa = PBXBuildFile; fileRef = 55DE119B216CD30B005DC7D7 /* AppDelegate.swift */; };
		55DE119E216CD30B005DC7D7 /* ViewController.swift in Sources */ = {isa = PBXBuildFile; fileRef = 55DE119D216CD30B005DC7D7 /* ViewController.swift */; };
		55DE11A1216CD30B005DC7D7 /* Main.storyboard in Resources */ = {isa = PBXBuildFile; fileRef = 55DE119F216CD30B005DC7D7 /* Main.storyboard */; };
		55DE11A3216CD30C005DC7D7 /* Assets.xcassets in Resources */ = {isa = PBXBuildFile; fileRef = 55DE11A2216CD30C005DC7D7 /* Assets.xcassets */; };
		55DE11A6216CD30C005DC7D7 /* LaunchScreen.storyboard in Resources */ = {isa = PBXBuildFile; fileRef = 55DE11A4216CD30C005DC7D7 /* LaunchScreen.storyboard */; };
		55DE11AB216CD30C005DC7D7 /* healthDevice WatchKit App.app in Embed Watch Content */ = {isa = PBXBuildFile; fileRef = 55DE11AA216CD30C005DC7D7 /* healthDevice WatchKit App.app */; };
		55DE11B1216CD30C005DC7D7 /* Interface.storyboard in Resources */ = {isa = PBXBuildFile; fileRef = 55DE11AF216CD30C005DC7D7 /* Interface.storyboard */; };
		55DE11B3216CD30C005DC7D7 /* Assets.xcassets in Resources */ = {isa = PBXBuildFile; fileRef = 55DE11B2216CD30C005DC7D7 /* Assets.xcassets */; };
		55DE11BA216CD30C005DC7D7 /* healthDevice WatchKit Extension.appex in Embed App Extensions */ = {isa = PBXBuildFile; fileRef = 55DE11B9216CD30C005DC7D7 /* healthDevice WatchKit Extension.appex */; settings = {ATTRIBUTES = (RemoveHeadersOnCopy, ); }; };
		55DE11BF216CD30C005DC7D7 /* InterfaceController.swift in Sources */ = {isa = PBXBuildFile; fileRef = 55DE11BE216CD30C005DC7D7 /* InterfaceController.swift */; };
		55DE11C1216CD30C005DC7D7 /* ExtensionDelegate.swift in Sources */ = {isa = PBXBuildFile; fileRef = 55DE11C0216CD30C005DC7D7 /* ExtensionDelegate.swift */; };
		55DE11C3216CD30C005DC7D7 /* NotificationController.swift in Sources */ = {isa = PBXBuildFile; fileRef = 55DE11C2216CD30C005DC7D7 /* NotificationController.swift */; };
		55DE11C5216CD30C005DC7D7 /* ComplicationController.swift in Sources */ = {isa = PBXBuildFile; fileRef = 55DE11C4216CD30C005DC7D7 /* ComplicationController.swift */; };
		55DE11C7216CD30D005DC7D7 /* Assets.xcassets in Resources */ = {isa = PBXBuildFile; fileRef = 55DE11C6216CD30D005DC7D7 /* Assets.xcassets */; };
		55DE11DA216CDA2A005DC7D7 /* HealthKit.framework in Frameworks */ = {isa = PBXBuildFile; fileRef = 55DE11D9216CDA2A005DC7D7 /* HealthKit.framework */; settings = {ATTRIBUTES = (Required, ); }; };
		55DE11E1216CDAE4005DC7D7 /* HealthKit.framework in Frameworks */ = {isa = PBXBuildFile; fileRef = 55DE11E0216CDAE4005DC7D7 /* HealthKit.framework */; settings = {ATTRIBUTES = (Required, ); }; };
		74CE79CC79026134E28BAD8D /* Pods_healthDevice_WatchKit_Extension.framework in Frameworks */ = {isa = PBXBuildFile; fileRef = 9F5DB0048AB86076F84D8A34 /* Pods_healthDevice_WatchKit_Extension.framework */; };
		78D0FBE3948CC61784F793CB /* Pods_healthDevice.framework in Frameworks */ = {isa = PBXBuildFile; fileRef = 6E3C9BC5D12E49B2984F3EA2 /* Pods_healthDevice.framework */; };
		C849E5CD40182C08DD8E70F7 /* Pods_healthDevice_WatchKit_App.framework in Frameworks */ = {isa = PBXBuildFile; fileRef = 85545A35B473D35546627CB2 /* Pods_healthDevice_WatchKit_App.framework */; };
/* End PBXBuildFile section */

/* Begin PBXContainerItemProxy section */
		55DE11AC216CD30C005DC7D7 /* PBXContainerItemProxy */ = {
			isa = PBXContainerItemProxy;
			containerPortal = 55DE1190216CD30A005DC7D7 /* Project object */;
			proxyType = 1;
			remoteGlobalIDString = 55DE11A9216CD30C005DC7D7;
			remoteInfo = "healthDevice WatchKit App";
		};
		55DE11BB216CD30C005DC7D7 /* PBXContainerItemProxy */ = {
			isa = PBXContainerItemProxy;
			containerPortal = 55DE1190216CD30A005DC7D7 /* Project object */;
			proxyType = 1;
			remoteGlobalIDString = 55DE11B8216CD30C005DC7D7;
			remoteInfo = "healthDevice WatchKit Extension";
		};
/* End PBXContainerItemProxy section */

/* Begin PBXCopyFilesBuildPhase section */
		55DE11CF216CD30D005DC7D7 /* Embed App Extensions */ = {
			isa = PBXCopyFilesBuildPhase;
			buildActionMask = 2147483647;
			dstPath = "";
			dstSubfolderSpec = 13;
			files = (
				55DE11BA216CD30C005DC7D7 /* healthDevice WatchKit Extension.appex in Embed App Extensions */,
			);
			name = "Embed App Extensions";
			runOnlyForDeploymentPostprocessing = 0;
		};
		55DE11D3216CD30D005DC7D7 /* Embed Watch Content */ = {
			isa = PBXCopyFilesBuildPhase;
			buildActionMask = 2147483647;
			dstPath = "$(CONTENTS_FOLDER_PATH)/Watch";
			dstSubfolderSpec = 16;
			files = (
				55DE11AB216CD30C005DC7D7 /* healthDevice WatchKit App.app in Embed Watch Content */,
			);
			name = "Embed Watch Content";
			runOnlyForDeploymentPostprocessing = 0;
		};
/* End PBXCopyFilesBuildPhase section */

/* Begin PBXFileReference section */
		25ED0223F42F354F6BA82D67 /* Pods-healthDevice WatchKit App.release.xcconfig */ = {isa = PBXFileReference; includeInIndex = 1; lastKnownFileType = text.xcconfig; name = "Pods-healthDevice WatchKit App.release.xcconfig"; path = "Pods/Target Support Files/Pods-healthDevice WatchKit App/Pods-healthDevice WatchKit App.release.xcconfig"; sourceTree = "<group>"; };
		39910AFDDED8570C7582F1A7 /* Pods-healthDevice WatchKit Extension.release.xcconfig */ = {isa = PBXFileReference; includeInIndex = 1; lastKnownFileType = text.xcconfig; name = "Pods-healthDevice WatchKit Extension.release.xcconfig"; path = "Pods/Target Support Files/Pods-healthDevice WatchKit Extension/Pods-healthDevice WatchKit Extension.release.xcconfig"; sourceTree = "<group>"; };
		4BD02CD4371F744132FE4B53 /* Pods-healthDevice WatchKit Extension.debug.xcconfig */ = {isa = PBXFileReference; includeInIndex = 1; lastKnownFileType = text.xcconfig; name = "Pods-healthDevice WatchKit Extension.debug.xcconfig"; path = "Pods/Target Support Files/Pods-healthDevice WatchKit Extension/Pods-healthDevice WatchKit Extension.debug.xcconfig"; sourceTree = "<group>"; };
		557B7A362182859600DE1D31 /* BLEManager.swift */ = {isa = PBXFileReference; lastKnownFileType = sourcecode.swift; path = BLEManager.swift; sourceTree = "<group>"; };
		559474F2217014820022608B /* healthDevice WatchKit App.entitlements */ = {isa = PBXFileReference; lastKnownFileType = text.plist.entitlements; path = "healthDevice WatchKit App.entitlements"; sourceTree = "<group>"; };
		55A5BF2321B4CE72006A1305 /* SocketServer.swift */ = {isa = PBXFileReference; lastKnownFileType = sourcecode.swift; path = SocketServer.swift; sourceTree = "<group>"; };
		55DE1198216CD30A005DC7D7 /* healthDevice.app */ = {isa = PBXFileReference; explicitFileType = wrapper.application; includeInIndex = 0; path = healthDevice.app; sourceTree = BUILT_PRODUCTS_DIR; };
		55DE119B216CD30B005DC7D7 /* AppDelegate.swift */ = {isa = PBXFileReference; lastKnownFileType = sourcecode.swift; path = AppDelegate.swift; sourceTree = "<group>"; };
		55DE119D216CD30B005DC7D7 /* ViewController.swift */ = {isa = PBXFileReference; lastKnownFileType = sourcecode.swift; path = ViewController.swift; sourceTree = "<group>"; };
		55DE11A0216CD30B005DC7D7 /* Base */ = {isa = PBXFileReference; lastKnownFileType = file.storyboard; name = Base; path = Base.lproj/Main.storyboard; sourceTree = "<group>"; };
		55DE11A2216CD30C005DC7D7 /* Assets.xcassets */ = {isa = PBXFileReference; lastKnownFileType = folder.assetcatalog; path = Assets.xcassets; sourceTree = "<group>"; };
		55DE11A5216CD30C005DC7D7 /* Base */ = {isa = PBXFileReference; lastKnownFileType = file.storyboard; name = Base; path = Base.lproj/LaunchScreen.storyboard; sourceTree = "<group>"; };
		55DE11A7216CD30C005DC7D7 /* Info.plist */ = {isa = PBXFileReference; lastKnownFileType = text.plist.xml; path = Info.plist; sourceTree = "<group>"; };
		55DE11AA216CD30C005DC7D7 /* healthDevice WatchKit App.app */ = {isa = PBXFileReference; explicitFileType = wrapper.application; includeInIndex = 0; path = "healthDevice WatchKit App.app"; sourceTree = BUILT_PRODUCTS_DIR; };
		55DE11B0216CD30C005DC7D7 /* Base */ = {isa = PBXFileReference; lastKnownFileType = file.storyboard; name = Base; path = Base.lproj/Interface.storyboard; sourceTree = "<group>"; };
		55DE11B2216CD30C005DC7D7 /* Assets.xcassets */ = {isa = PBXFileReference; lastKnownFileType = folder.assetcatalog; path = Assets.xcassets; sourceTree = "<group>"; };
		55DE11B4216CD30C005DC7D7 /* Info.plist */ = {isa = PBXFileReference; lastKnownFileType = text.plist.xml; path = Info.plist; sourceTree = "<group>"; };
		55DE11B9216CD30C005DC7D7 /* healthDevice WatchKit Extension.appex */ = {isa = PBXFileReference; explicitFileType = "wrapper.app-extension"; includeInIndex = 0; path = "healthDevice WatchKit Extension.appex"; sourceTree = BUILT_PRODUCTS_DIR; };
		55DE11BE216CD30C005DC7D7 /* InterfaceController.swift */ = {isa = PBXFileReference; lastKnownFileType = sourcecode.swift; path = InterfaceController.swift; sourceTree = "<group>"; };
		55DE11C0216CD30C005DC7D7 /* ExtensionDelegate.swift */ = {isa = PBXFileReference; lastKnownFileType = sourcecode.swift; path = ExtensionDelegate.swift; sourceTree = "<group>"; };
		55DE11C2216CD30C005DC7D7 /* NotificationController.swift */ = {isa = PBXFileReference; lastKnownFileType = sourcecode.swift; path = NotificationController.swift; sourceTree = "<group>"; };
		55DE11C4216CD30C005DC7D7 /* ComplicationController.swift */ = {isa = PBXFileReference; lastKnownFileType = sourcecode.swift; path = ComplicationController.swift; sourceTree = "<group>"; };
		55DE11C6216CD30D005DC7D7 /* Assets.xcassets */ = {isa = PBXFileReference; lastKnownFileType = folder.assetcatalog; path = Assets.xcassets; sourceTree = "<group>"; };
		55DE11C8216CD30D005DC7D7 /* Info.plist */ = {isa = PBXFileReference; lastKnownFileType = text.plist.xml; path = Info.plist; sourceTree = "<group>"; };
		55DE11C9216CD30D005DC7D7 /* PushNotificationPayload.apns */ = {isa = PBXFileReference; lastKnownFileType = text; path = PushNotificationPayload.apns; sourceTree = "<group>"; };
		55DE11D7216CDA21005DC7D7 /* healthDevice.entitlements */ = {isa = PBXFileReference; lastKnownFileType = text.plist.entitlements; path = healthDevice.entitlements; sourceTree = "<group>"; };
		55DE11D9216CDA2A005DC7D7 /* HealthKit.framework */ = {isa = PBXFileReference; lastKnownFileType = wrapper.framework; name = HealthKit.framework; path = System/Library/Frameworks/HealthKit.framework; sourceTree = SDKROOT; };
		55DE11DF216CDAE4005DC7D7 /* healthDevice WatchKit Extension.entitlements */ = {isa = PBXFileReference; lastKnownFileType = text.plist.entitlements; path = "healthDevice WatchKit Extension.entitlements"; sourceTree = "<group>"; };
		55DE11E0216CDAE4005DC7D7 /* HealthKit.framework */ = {isa = PBXFileReference; lastKnownFileType = wrapper.framework; name = HealthKit.framework; path = Platforms/WatchOS.platform/Developer/SDKs/WatchOS5.0.sdk/System/Library/Frameworks/HealthKit.framework; sourceTree = DEVELOPER_DIR; };
		5E954C60F79064B50FF71786 /* Pods-healthDevice.debug.xcconfig */ = {isa = PBXFileReference; includeInIndex = 1; lastKnownFileType = text.xcconfig; name = "Pods-healthDevice.debug.xcconfig"; path = "Pods/Target Support Files/Pods-healthDevice/Pods-healthDevice.debug.xcconfig"; sourceTree = "<group>"; };
		6E3C9BC5D12E49B2984F3EA2 /* Pods_healthDevice.framework */ = {isa = PBXFileReference; explicitFileType = wrapper.framework; includeInIndex = 0; path = Pods_healthDevice.framework; sourceTree = BUILT_PRODUCTS_DIR; };
		85545A35B473D35546627CB2 /* Pods_healthDevice_WatchKit_App.framework */ = {isa = PBXFileReference; explicitFileType = wrapper.framework; includeInIndex = 0; path = Pods_healthDevice_WatchKit_App.framework; sourceTree = BUILT_PRODUCTS_DIR; };
		9F5DB0048AB86076F84D8A34 /* Pods_healthDevice_WatchKit_Extension.framework */ = {isa = PBXFileReference; explicitFileType = wrapper.framework; includeInIndex = 0; path = Pods_healthDevice_WatchKit_Extension.framework; sourceTree = BUILT_PRODUCTS_DIR; };
		C825D791D5AB8164CD9B324A /* Pods-healthDevice.release.xcconfig */ = {isa = PBXFileReference; includeInIndex = 1; lastKnownFileType = text.xcconfig; name = "Pods-healthDevice.release.xcconfig"; path = "Pods/Target Support Files/Pods-healthDevice/Pods-healthDevice.release.xcconfig"; sourceTree = "<group>"; };
		F977E110C5AD5AFD7463F91A /* Pods-healthDevice WatchKit App.debug.xcconfig */ = {isa = PBXFileReference; includeInIndex = 1; lastKnownFileType = text.xcconfig; name = "Pods-healthDevice WatchKit App.debug.xcconfig"; path = "Pods/Target Support Files/Pods-healthDevice WatchKit App/Pods-healthDevice WatchKit App.debug.xcconfig"; sourceTree = "<group>"; };
/* End PBXFileReference section */

/* Begin PBXFrameworksBuildPhase section */
		55DE1195216CD30A005DC7D7 /* Frameworks */ = {
			isa = PBXFrameworksBuildPhase;
			buildActionMask = 2147483647;
			files = (
				55DE11DA216CDA2A005DC7D7 /* HealthKit.framework in Frameworks */,
				78D0FBE3948CC61784F793CB /* Pods_healthDevice.framework in Frameworks */,
			);
			runOnlyForDeploymentPostprocessing = 0;
		};
		55DE11B6216CD30C005DC7D7 /* Frameworks */ = {
			isa = PBXFrameworksBuildPhase;
			buildActionMask = 2147483647;
			files = (
				55DE11E1216CDAE4005DC7D7 /* HealthKit.framework in Frameworks */,
				74CE79CC79026134E28BAD8D /* Pods_healthDevice_WatchKit_Extension.framework in Frameworks */,
			);
			runOnlyForDeploymentPostprocessing = 0;
		};
		D330B51C3C1CAF91F947B5B7 /* Frameworks */ = {
			isa = PBXFrameworksBuildPhase;
			buildActionMask = 2147483647;
			files = (
				C849E5CD40182C08DD8E70F7 /* Pods_healthDevice_WatchKit_App.framework in Frameworks */,
			);
			runOnlyForDeploymentPostprocessing = 0;
		};
/* End PBXFrameworksBuildPhase section */

/* Begin PBXGroup section */
		55DE118F216CD30A005DC7D7 = {
			isa = PBXGroup;
			children = (
				55DE119A216CD30A005DC7D7 /* healthDevice */,
				55DE11AE216CD30C005DC7D7 /* healthDevice WatchKit App */,
				55DE11BD216CD30C005DC7D7 /* healthDevice WatchKit Extension */,
				55DE1199216CD30A005DC7D7 /* Products */,
				55DE11D8216CDA2A005DC7D7 /* Frameworks */,
				7DFC76A93AEF293CB39D73D3 /* Pods */,
			);
			sourceTree = "<group>";
		};
		55DE1199216CD30A005DC7D7 /* Products */ = {
			isa = PBXGroup;
			children = (
				55DE1198216CD30A005DC7D7 /* healthDevice.app */,
				55DE11AA216CD30C005DC7D7 /* healthDevice WatchKit App.app */,
				55DE11B9216CD30C005DC7D7 /* healthDevice WatchKit Extension.appex */,
			);
			name = Products;
			sourceTree = "<group>";
		};
		55DE119A216CD30A005DC7D7 /* healthDevice */ = {
			isa = PBXGroup;
			children = (
				55DE11D7216CDA21005DC7D7 /* healthDevice.entitlements */,
				55DE119B216CD30B005DC7D7 /* AppDelegate.swift */,
				55DE119D216CD30B005DC7D7 /* ViewController.swift */,
				55DE119F216CD30B005DC7D7 /* Main.storyboard */,
				55DE11A2216CD30C005DC7D7 /* Assets.xcassets */,
				55DE11A4216CD30C005DC7D7 /* LaunchScreen.storyboard */,
				55DE11A7216CD30C005DC7D7 /* Info.plist */,
				55A5BF2321B4CE72006A1305 /* SocketServer.swift */,
			);
			path = healthDevice;
			sourceTree = "<group>";
		};
		55DE11AE216CD30C005DC7D7 /* healthDevice WatchKit App */ = {
			isa = PBXGroup;
			children = (
				559474F2217014820022608B /* healthDevice WatchKit App.entitlements */,
				55DE11AF216CD30C005DC7D7 /* Interface.storyboard */,
				55DE11B2216CD30C005DC7D7 /* Assets.xcassets */,
				55DE11B4216CD30C005DC7D7 /* Info.plist */,
			);
			path = "healthDevice WatchKit App";
			sourceTree = "<group>";
		};
		55DE11BD216CD30C005DC7D7 /* healthDevice WatchKit Extension */ = {
			isa = PBXGroup;
			children = (
				55DE11DF216CDAE4005DC7D7 /* healthDevice WatchKit Extension.entitlements */,
				55DE11BE216CD30C005DC7D7 /* InterfaceController.swift */,
				55DE11C0216CD30C005DC7D7 /* ExtensionDelegate.swift */,
				55DE11C2216CD30C005DC7D7 /* NotificationController.swift */,
				55DE11C4216CD30C005DC7D7 /* ComplicationController.swift */,
				55DE11C6216CD30D005DC7D7 /* Assets.xcassets */,
				55DE11C8216CD30D005DC7D7 /* Info.plist */,
				55DE11C9216CD30D005DC7D7 /* PushNotificationPayload.apns */,
				557B7A362182859600DE1D31 /* BLEManager.swift */,
			);
			path = "healthDevice WatchKit Extension";
			sourceTree = "<group>";
		};
		55DE11D8216CDA2A005DC7D7 /* Frameworks */ = {
			isa = PBXGroup;
			children = (
				55DE11E0216CDAE4005DC7D7 /* HealthKit.framework */,
				55DE11D9216CDA2A005DC7D7 /* HealthKit.framework */,
				6E3C9BC5D12E49B2984F3EA2 /* Pods_healthDevice.framework */,
				85545A35B473D35546627CB2 /* Pods_healthDevice_WatchKit_App.framework */,
				9F5DB0048AB86076F84D8A34 /* Pods_healthDevice_WatchKit_Extension.framework */,
			);
			name = Frameworks;
			sourceTree = "<group>";
		};
		7DFC76A93AEF293CB39D73D3 /* Pods */ = {
			isa = PBXGroup;
			children = (
				5E954C60F79064B50FF71786 /* Pods-healthDevice.debug.xcconfig */,
				C825D791D5AB8164CD9B324A /* Pods-healthDevice.release.xcconfig */,
				F977E110C5AD5AFD7463F91A /* Pods-healthDevice WatchKit App.debug.xcconfig */,
				25ED0223F42F354F6BA82D67 /* Pods-healthDevice WatchKit App.release.xcconfig */,
				4BD02CD4371F744132FE4B53 /* Pods-healthDevice WatchKit Extension.debug.xcconfig */,
				39910AFDDED8570C7582F1A7 /* Pods-healthDevice WatchKit Extension.release.xcconfig */,
			);
			name = Pods;
			sourceTree = "<group>";
		};
/* End PBXGroup section */

/* Begin PBXNativeTarget section */
		55DE1197216CD30A005DC7D7 /* healthDevice */ = {
			isa = PBXNativeTarget;
			buildConfigurationList = 55DE11D4216CD30D005DC7D7 /* Build configuration list for PBXNativeTarget "healthDevice" */;
			buildPhases = (
				068FDD75F8B774A13668619E /* [CP] Check Pods Manifest.lock */,
				55DE1194216CD30A005DC7D7 /* Sources */,
				55DE1195216CD30A005DC7D7 /* Frameworks */,
				55DE1196216CD30A005DC7D7 /* Resources */,
				55DE11D3216CD30D005DC7D7 /* Embed Watch Content */,
				4693A9697AD9A55D6D217D3E /* [CP] Embed Pods Frameworks */,
			);
			buildRules = (
			);
			dependencies = (
				55DE11AD216CD30C005DC7D7 /* PBXTargetDependency */,
			);
			name = healthDevice;
			productName = healthDevice;
			productReference = 55DE1198216CD30A005DC7D7 /* healthDevice.app */;
			productType = "com.apple.product-type.application";
		};
		55DE11A9216CD30C005DC7D7 /* healthDevice WatchKit App */ = {
			isa = PBXNativeTarget;
			buildConfigurationList = 55DE11D0216CD30D005DC7D7 /* Build configuration list for PBXNativeTarget "healthDevice WatchKit App" */;
			buildPhases = (
				DC618D8C4F67743AAFA628C4 /* [CP] Check Pods Manifest.lock */,
				55DE11A8216CD30C005DC7D7 /* Resources */,
				55DE11CF216CD30D005DC7D7 /* Embed App Extensions */,
				D330B51C3C1CAF91F947B5B7 /* Frameworks */,
			);
			buildRules = (
			);
			dependencies = (
				55DE11BC216CD30C005DC7D7 /* PBXTargetDependency */,
			);
			name = "healthDevice WatchKit App";
			productName = "healthDevice WatchKit App";
			productReference = 55DE11AA216CD30C005DC7D7 /* healthDevice WatchKit App.app */;
			productType = "com.apple.product-type.application.watchapp2";
		};
		55DE11B8216CD30C005DC7D7 /* healthDevice WatchKit Extension */ = {
			isa = PBXNativeTarget;
			buildConfigurationList = 55DE11CC216CD30D005DC7D7 /* Build configuration list for PBXNativeTarget "healthDevice WatchKit Extension" */;
			buildPhases = (
				71C7638BEF047DB744D84850 /* [CP] Check Pods Manifest.lock */,
				55DE11B5216CD30C005DC7D7 /* Sources */,
				55DE11B6216CD30C005DC7D7 /* Frameworks */,
				55DE11B7216CD30C005DC7D7 /* Resources */,
			);
			buildRules = (
			);
			dependencies = (
			);
			name = "healthDevice WatchKit Extension";
			productName = "healthDevice WatchKit Extension";
			productReference = 55DE11B9216CD30C005DC7D7 /* healthDevice WatchKit Extension.appex */;
			productType = "com.apple.product-type.watchkit2-extension";
		};
/* End PBXNativeTarget section */

/* Begin PBXProject section */
		55DE1190216CD30A005DC7D7 /* Project object */ = {
			isa = PBXProject;
			attributes = {
				LastSwiftUpdateCheck = 1000;
				LastUpgradeCheck = 1000;
				ORGANIZATIONNAME = "Felipe Pfeifer Rubin";
				TargetAttributes = {
					55DE1197216CD30A005DC7D7 = {
						CreatedOnToolsVersion = 10.0;
						SystemCapabilities = {
							com.apple.BackgroundModes = {
								enabled = 1;
							};
							com.apple.DataProtection = {
								enabled = 0;
							};
							com.apple.HealthKit = {
								enabled = 1;
							};
							com.apple.HomeKit = {
								enabled = 0;
							};
							com.apple.WAC = {
								enabled = 0;
							};
						};
					};
					55DE11A9216CD30C005DC7D7 = {
						CreatedOnToolsVersion = 10.0;
						SystemCapabilities = {
							com.apple.ApplicationGroups.iOS = {
								enabled = 0;
							};
						};
					};
					55DE11B8216CD30C005DC7D7 = {
						CreatedOnToolsVersion = 10.0;
						SystemCapabilities = {
							com.apple.BackgroundModes.watchos.extension = {
								enabled = 0;
							};
							com.apple.HealthKit.watchos = {
								enabled = 1;
							};
							com.apple.HomeKit = {
								enabled = 0;
							};
						};
					};
				};
			};
			buildConfigurationList = 55DE1193216CD30A005DC7D7 /* Build configuration list for PBXProject "healthDevice" */;
			compatibilityVersion = "Xcode 9.3";
			developmentRegion = en;
			hasScannedForEncodings = 0;
			knownRegions = (
				en,
				Base,
			);
			mainGroup = 55DE118F216CD30A005DC7D7;
			productRefGroup = 55DE1199216CD30A005DC7D7 /* Products */;
			projectDirPath = "";
			projectRoot = "";
			targets = (
				55DE1197216CD30A005DC7D7 /* healthDevice */,
				55DE11A9216CD30C005DC7D7 /* healthDevice WatchKit App */,
				55DE11B8216CD30C005DC7D7 /* healthDevice WatchKit Extension */,
			);
		};
/* End PBXProject section */

/* Begin PBXResourcesBuildPhase section */
		55DE1196216CD30A005DC7D7 /* Resources */ = {
			isa = PBXResourcesBuildPhase;
			buildActionMask = 2147483647;
			files = (
				55DE11A6216CD30C005DC7D7 /* LaunchScreen.storyboard in Resources */,
				55DE11A3216CD30C005DC7D7 /* Assets.xcassets in Resources */,
				55DE11A1216CD30B005DC7D7 /* Main.storyboard in Resources */,
			);
			runOnlyForDeploymentPostprocessing = 0;
		};
		55DE11A8216CD30C005DC7D7 /* Resources */ = {
			isa = PBXResourcesBuildPhase;
			buildActionMask = 2147483647;
			files = (
				55DE11B3216CD30C005DC7D7 /* Assets.xcassets in Resources */,
				55DE11B1216CD30C005DC7D7 /* Interface.storyboard in Resources */,
			);
			runOnlyForDeploymentPostprocessing = 0;
		};
		55DE11B7216CD30C005DC7D7 /* Resources */ = {
			isa = PBXResourcesBuildPhase;
			buildActionMask = 2147483647;
			files = (
				55DE11C7216CD30D005DC7D7 /* Assets.xcassets in Resources */,
			);
			runOnlyForDeploymentPostprocessing = 0;
		};
/* End PBXResourcesBuildPhase section */

/* Begin PBXShellScriptBuildPhase section */
		068FDD75F8B774A13668619E /* [CP] Check Pods Manifest.lock */ = {
			isa = PBXShellScriptBuildPhase;
			buildActionMask = 2147483647;
			files = (
			);
			inputFileListPaths = (
			);
			inputPaths = (
				"${PODS_PODFILE_DIR_PATH}/Podfile.lock",
				"${PODS_ROOT}/Manifest.lock",
			);
			name = "[CP] Check Pods Manifest.lock";
			outputFileListPaths = (
			);
			outputPaths = (
				"$(DERIVED_FILE_DIR)/Pods-healthDevice-checkManifestLockResult.txt",
			);
			runOnlyForDeploymentPostprocessing = 0;
			shellPath = /bin/sh;
			shellScript = "diff \"${PODS_PODFILE_DIR_PATH}/Podfile.lock\" \"${PODS_ROOT}/Manifest.lock\" > /dev/null\nif [ $? != 0 ] ; then\n    # print error to STDERR\n    echo \"error: The sandbox is not in sync with the Podfile.lock. Run 'pod install' or update your CocoaPods installation.\" >&2\n    exit 1\nfi\n# This output is used by Xcode 'outputs' to avoid re-running this script phase.\necho \"SUCCESS\" > \"${SCRIPT_OUTPUT_FILE_0}\"\n";
			showEnvVarsInLog = 0;
		};
		4693A9697AD9A55D6D217D3E /* [CP] Embed Pods Frameworks */ = {
			isa = PBXShellScriptBuildPhase;
			buildActionMask = 2147483647;
			files = (
			);
			inputFileListPaths = (
			);
			inputPaths = (
				"${SRCROOT}/Pods/Target Support Files/Pods-healthDevice/Pods-healthDevice-frameworks.sh",
				"${BUILT_PRODUCTS_DIR}/SwiftSocket/SwiftSocket.framework",
			);
			name = "[CP] Embed Pods Frameworks";
			outputFileListPaths = (
			);
			outputPaths = (
				"${TARGET_BUILD_DIR}/${FRAMEWORKS_FOLDER_PATH}/SwiftSocket.framework",
			);
			runOnlyForDeploymentPostprocessing = 0;
			shellPath = /bin/sh;
			shellScript = "\"${SRCROOT}/Pods/Target Support Files/Pods-healthDevice/Pods-healthDevice-frameworks.sh\"\n";
			showEnvVarsInLog = 0;
		};
		71C7638BEF047DB744D84850 /* [CP] Check Pods Manifest.lock */ = {
			isa = PBXShellScriptBuildPhase;
			buildActionMask = 2147483647;
			files = (
			);
			inputFileListPaths = (
			);
			inputPaths = (
				"${PODS_PODFILE_DIR_PATH}/Podfile.lock",
				"${PODS_ROOT}/Manifest.lock",
			);
			name = "[CP] Check Pods Manifest.lock";
			outputFileListPaths = (
			);
			outputPaths = (
				"$(DERIVED_FILE_DIR)/Pods-healthDevice WatchKit Extension-checkManifestLockResult.txt",
			);
			runOnlyForDeploymentPostprocessing = 0;
			shellPath = /bin/sh;
			shellScript = "diff \"${PODS_PODFILE_DIR_PATH}/Podfile.lock\" \"${PODS_ROOT}/Manifest.lock\" > /dev/null\nif [ $? != 0 ] ; then\n    # print error to STDERR\n    echo \"error: The sandbox is not in sync with the Podfile.lock. Run 'pod install' or update your CocoaPods installation.\" >&2\n    exit 1\nfi\n# This output is used by Xcode 'outputs' to avoid re-running this script phase.\necho \"SUCCESS\" > \"${SCRIPT_OUTPUT_FILE_0}\"\n";
			showEnvVarsInLog = 0;
		};
		DC618D8C4F67743AAFA628C4 /* [CP] Check Pods Manifest.lock */ = {
			isa = PBXShellScriptBuildPhase;
			buildActionMask = 2147483647;
			files = (
			);
			inputFileListPaths = (
			);
			inputPaths = (
				"${PODS_PODFILE_DIR_PATH}/Podfile.lock",
				"${PODS_ROOT}/Manifest.lock",
			);
			name = "[CP] Check Pods Manifest.lock";
			outputFileListPaths = (
			);
			outputPaths = (
				"$(DERIVED_FILE_DIR)/Pods-healthDevice WatchKit App-checkManifestLockResult.txt",
			);
			runOnlyForDeploymentPostprocessing = 0;
			shellPath = /bin/sh;
			shellScript = "diff \"${PODS_PODFILE_DIR_PATH}/Podfile.lock\" \"${PODS_ROOT}/Manifest.lock\" > /dev/null\nif [ $? != 0 ] ; then\n    # print error to STDERR\n    echo \"error: The sandbox is not in sync with the Podfile.lock. Run 'pod install' or update your CocoaPods installation.\" >&2\n    exit 1\nfi\n# This output is used by Xcode 'outputs' to avoid re-running this script phase.\necho \"SUCCESS\" > \"${SCRIPT_OUTPUT_FILE_0}\"\n";
			showEnvVarsInLog = 0;
		};
/* End PBXShellScriptBuildPhase section */

/* Begin PBXSourcesBuildPhase section */
		55DE1194216CD30A005DC7D7 /* Sources */ = {
			isa = PBXSourcesBuildPhase;
			buildActionMask = 2147483647;
			files = (
				55A5BF2421B4CE72006A1305 /* SocketServer.swift in Sources */,
				55DE119E216CD30B005DC7D7 /* ViewController.swift in Sources */,
				55DE119C216CD30B005DC7D7 /* AppDelegate.swift in Sources */,
			);
			runOnlyForDeploymentPostprocessing = 0;
		};
		55DE11B5216CD30C005DC7D7 /* Sources */ = {
			isa = PBXSourcesBuildPhase;
			buildActionMask = 2147483647;
			files = (
				55DE11C3216CD30C005DC7D7 /* NotificationController.swift in Sources */,
				55DE11C5216CD30C005DC7D7 /* ComplicationController.swift in Sources */,
				557B7A372182859600DE1D31 /* BLEManager.swift in Sources */,
				55DE11C1216CD30C005DC7D7 /* ExtensionDelegate.swift in Sources */,
				55DE11BF216CD30C005DC7D7 /* InterfaceController.swift in Sources */,
			);
			runOnlyForDeploymentPostprocessing = 0;
		};
/* End PBXSourcesBuildPhase section */

/* Begin PBXTargetDependency section */
		55DE11AD216CD30C005DC7D7 /* PBXTargetDependency */ = {
			isa = PBXTargetDependency;
			target = 55DE11A9216CD30C005DC7D7 /* healthDevice WatchKit App */;
			targetProxy = 55DE11AC216CD30C005DC7D7 /* PBXContainerItemProxy */;
		};
		55DE11BC216CD30C005DC7D7 /* PBXTargetDependency */ = {
			isa = PBXTargetDependency;
			target = 55DE11B8216CD30C005DC7D7 /* healthDevice WatchKit Extension */;
			targetProxy = 55DE11BB216CD30C005DC7D7 /* PBXContainerItemProxy */;
		};
/* End PBXTargetDependency section */

/* Begin PBXVariantGroup section */
		55DE119F216CD30B005DC7D7 /* Main.storyboard */ = {
			isa = PBXVariantGroup;
			children = (
				55DE11A0216CD30B005DC7D7 /* Base */,
			);
			name = Main.storyboard;
			sourceTree = "<group>";
		};
		55DE11A4216CD30C005DC7D7 /* LaunchScreen.storyboard */ = {
			isa = PBXVariantGroup;
			children = (
				55DE11A5216CD30C005DC7D7 /* Base */,
			);
			name = LaunchScreen.storyboard;
			sourceTree = "<group>";
		};
		55DE11AF216CD30C005DC7D7 /* Interface.storyboard */ = {
			isa = PBXVariantGroup;
			children = (
				55DE11B0216CD30C005DC7D7 /* Base */,
			);
			name = Interface.storyboard;
			sourceTree = "<group>";
		};
/* End PBXVariantGroup section */

/* Begin XCBuildConfiguration section */
		55DE11CA216CD30D005DC7D7 /* Debug */ = {
			isa = XCBuildConfiguration;
			buildSettings = {
				ALWAYS_SEARCH_USER_PATHS = NO;
				CLANG_ANALYZER_NONNULL = YES;
				CLANG_ANALYZER_NUMBER_OBJECT_CONVERSION = YES_AGGRESSIVE;
				CLANG_CXX_LANGUAGE_STANDARD = "gnu++14";
				CLANG_CXX_LIBRARY = "libc++";
				CLANG_ENABLE_MODULES = YES;
				CLANG_ENABLE_OBJC_ARC = YES;
				CLANG_ENABLE_OBJC_WEAK = YES;
				CLANG_WARN_BLOCK_CAPTURE_AUTORELEASING = YES;
				CLANG_WARN_BOOL_CONVERSION = YES;
				CLANG_WARN_COMMA = YES;
				CLANG_WARN_CONSTANT_CONVERSION = YES;
				CLANG_WARN_DEPRECATED_OBJC_IMPLEMENTATIONS = YES;
				CLANG_WARN_DIRECT_OBJC_ISA_USAGE = YES_ERROR;
				CLANG_WARN_DOCUMENTATION_COMMENTS = YES;
				CLANG_WARN_EMPTY_BODY = YES;
				CLANG_WARN_ENUM_CONVERSION = YES;
				CLANG_WARN_INFINITE_RECURSION = YES;
				CLANG_WARN_INT_CONVERSION = YES;
				CLANG_WARN_NON_LITERAL_NULL_CONVERSION = YES;
				CLANG_WARN_OBJC_IMPLICIT_RETAIN_SELF = YES;
				CLANG_WARN_OBJC_LITERAL_CONVERSION = YES;
				CLANG_WARN_OBJC_ROOT_CLASS = YES_ERROR;
				CLANG_WARN_RANGE_LOOP_ANALYSIS = YES;
				CLANG_WARN_STRICT_PROTOTYPES = YES;
				CLANG_WARN_SUSPICIOUS_MOVE = YES;
				CLANG_WARN_UNGUARDED_AVAILABILITY = YES_AGGRESSIVE;
				CLANG_WARN_UNREACHABLE_CODE = YES;
				CLANG_WARN__DUPLICATE_METHOD_MATCH = YES;
				CODE_SIGN_IDENTITY = "iPhone Developer";
				COPY_PHASE_STRIP = NO;
				DEBUG_INFORMATION_FORMAT = dwarf;
				ENABLE_STRICT_OBJC_MSGSEND = YES;
				ENABLE_TESTABILITY = YES;
				GCC_C_LANGUAGE_STANDARD = gnu11;
				GCC_DYNAMIC_NO_PIC = NO;
				GCC_NO_COMMON_BLOCKS = YES;
				GCC_OPTIMIZATION_LEVEL = 0;
				GCC_PREPROCESSOR_DEFINITIONS = (
					"DEBUG=1",
					"$(inherited)",
				);
				GCC_WARN_64_TO_32_BIT_CONVERSION = YES;
				GCC_WARN_ABOUT_RETURN_TYPE = YES_ERROR;
				GCC_WARN_UNDECLARED_SELECTOR = YES;
				GCC_WARN_UNINITIALIZED_AUTOS = YES_AGGRESSIVE;
				GCC_WARN_UNUSED_FUNCTION = YES;
				GCC_WARN_UNUSED_VARIABLE = YES;
				IPHONEOS_DEPLOYMENT_TARGET = 12.0;
				MTL_ENABLE_DEBUG_INFO = INCLUDE_SOURCE;
				MTL_FAST_MATH = YES;
				ONLY_ACTIVE_ARCH = YES;
				SDKROOT = iphoneos;
				SWIFT_ACTIVE_COMPILATION_CONDITIONS = DEBUG;
				SWIFT_OPTIMIZATION_LEVEL = "-Onone";
			};
			name = Debug;
		};
		55DE11CB216CD30D005DC7D7 /* Release */ = {
			isa = XCBuildConfiguration;
			buildSettings = {
				ALWAYS_SEARCH_USER_PATHS = NO;
				CLANG_ANALYZER_NONNULL = YES;
				CLANG_ANALYZER_NUMBER_OBJECT_CONVERSION = YES_AGGRESSIVE;
				CLANG_CXX_LANGUAGE_STANDARD = "gnu++14";
				CLANG_CXX_LIBRARY = "libc++";
				CLANG_ENABLE_MODULES = YES;
				CLANG_ENABLE_OBJC_ARC = YES;
				CLANG_ENABLE_OBJC_WEAK = YES;
				CLANG_WARN_BLOCK_CAPTURE_AUTORELEASING = YES;
				CLANG_WARN_BOOL_CONVERSION = YES;
				CLANG_WARN_COMMA = YES;
				CLANG_WARN_CONSTANT_CONVERSION = YES;
				CLANG_WARN_DEPRECATED_OBJC_IMPLEMENTATIONS = YES;
				CLANG_WARN_DIRECT_OBJC_ISA_USAGE = YES_ERROR;
				CLANG_WARN_DOCUMENTATION_COMMENTS = YES;
				CLANG_WARN_EMPTY_BODY = YES;
				CLANG_WARN_ENUM_CONVERSION = YES;
				CLANG_WARN_INFINITE_RECURSION = YES;
				CLANG_WARN_INT_CONVERSION = YES;
				CLANG_WARN_NON_LITERAL_NULL_CONVERSION = YES;
				CLANG_WARN_OBJC_IMPLICIT_RETAIN_SELF = YES;
				CLANG_WARN_OBJC_LITERAL_CONVERSION = YES;
				CLANG_WARN_OBJC_ROOT_CLASS = YES_ERROR;
				CLANG_WARN_RANGE_LOOP_ANALYSIS = YES;
				CLANG_WARN_STRICT_PROTOTYPES = YES;
				CLANG_WARN_SUSPICIOUS_MOVE = YES;
				CLANG_WARN_UNGUARDED_AVAILABILITY = YES_AGGRESSIVE;
				CLANG_WARN_UNREACHABLE_CODE = YES;
				CLANG_WARN__DUPLICATE_METHOD_MATCH = YES;
				CODE_SIGN_IDENTITY = "iPhone Developer";
				COPY_PHASE_STRIP = NO;
				DEBUG_INFORMATION_FORMAT = "dwarf-with-dsym";
				ENABLE_NS_ASSERTIONS = NO;
				ENABLE_STRICT_OBJC_MSGSEND = YES;
				GCC_C_LANGUAGE_STANDARD = gnu11;
				GCC_NO_COMMON_BLOCKS = YES;
				GCC_WARN_64_TO_32_BIT_CONVERSION = YES;
				GCC_WARN_ABOUT_RETURN_TYPE = YES_ERROR;
				GCC_WARN_UNDECLARED_SELECTOR = YES;
				GCC_WARN_UNINITIALIZED_AUTOS = YES_AGGRESSIVE;
				GCC_WARN_UNUSED_FUNCTION = YES;
				GCC_WARN_UNUSED_VARIABLE = YES;
				IPHONEOS_DEPLOYMENT_TARGET = 12.0;
				MTL_ENABLE_DEBUG_INFO = NO;
				MTL_FAST_MATH = YES;
				SDKROOT = iphoneos;
				SWIFT_COMPILATION_MODE = wholemodule;
				SWIFT_OPTIMIZATION_LEVEL = "-O";
				VALIDATE_PRODUCT = YES;
			};
			name = Release;
		};
		55DE11CD216CD30D005DC7D7 /* Debug */ = {
			isa = XCBuildConfiguration;
			baseConfigurationReference = 4BD02CD4371F744132FE4B53 /* Pods-healthDevice WatchKit Extension.debug.xcconfig */;
			buildSettings = {
				ASSETCATALOG_COMPILER_COMPLICATION_NAME = Complication;
				CODE_SIGN_ENTITLEMENTS = "healthDevice WatchKit Extension/healthDevice WatchKit Extension.entitlements";
				CODE_SIGN_IDENTITY = "iPhone Developer";
				CODE_SIGN_STYLE = Automatic;
				DEVELOPMENT_TEAM = 5U5WX6GL2F;
				INFOPLIST_FILE = "healthDevice WatchKit Extension/Info.plist";
				LD_RUNPATH_SEARCH_PATHS = (
					"$(inherited)",
					"@executable_path/Frameworks",
					"@executable_path/../../Frameworks",
				);
				PRODUCT_BUNDLE_IDENTIFIER = com.rubin.healthDevice.watchkitapp.watchkitextension;
				PRODUCT_NAME = "${TARGET_NAME}";
				PROVISIONING_PROFILE_SPECIFIER = "";
				SDKROOT = watchos;
				SKIP_INSTALL = YES;
				SWIFT_VERSION = 4.2;
				TARGETED_DEVICE_FAMILY = 4;
				WATCHOS_DEPLOYMENT_TARGET = 5.0;
			};
			name = Debug;
		};
		55DE11CE216CD30D005DC7D7 /* Release */ = {
			isa = XCBuildConfiguration;
			baseConfigurationReference = 39910AFDDED8570C7582F1A7 /* Pods-healthDevice WatchKit Extension.release.xcconfig */;
			buildSettings = {
				ASSETCATALOG_COMPILER_COMPLICATION_NAME = Complication;
				CODE_SIGN_ENTITLEMENTS = "healthDevice WatchKit Extension/healthDevice WatchKit Extension.entitlements";
				CODE_SIGN_IDENTITY = "iPhone Developer";
				CODE_SIGN_STYLE = Automatic;
				DEVELOPMENT_TEAM = 5U5WX6GL2F;
				INFOPLIST_FILE = "healthDevice WatchKit Extension/Info.plist";
				LD_RUNPATH_SEARCH_PATHS = (
					"$(inherited)",
					"@executable_path/Frameworks",
					"@executable_path/../../Frameworks",
				);
				PRODUCT_BUNDLE_IDENTIFIER = com.rubin.healthDevice.watchkitapp.watchkitextension;
				PRODUCT_NAME = "${TARGET_NAME}";
				PROVISIONING_PROFILE_SPECIFIER = "";
				SDKROOT = watchos;
				SKIP_INSTALL = YES;
				SWIFT_VERSION = 4.2;
				TARGETED_DEVICE_FAMILY = 4;
				WATCHOS_DEPLOYMENT_TARGET = 5.0;
			};
			name = Release;
		};
		55DE11D1216CD30D005DC7D7 /* Debug */ = {
			isa = XCBuildConfiguration;
			baseConfigurationReference = F977E110C5AD5AFD7463F91A /* Pods-healthDevice WatchKit App.debug.xcconfig */;
			buildSettings = {
				ALWAYS_EMBED_SWIFT_STANDARD_LIBRARIES = YES;
				ASSETCATALOG_COMPILER_APPICON_NAME = AppIcon;
				CODE_SIGN_IDENTITY = "iPhone Developer";
				CODE_SIGN_STYLE = Automatic;
				DEVELOPMENT_TEAM = 5U5WX6GL2F;
				IBSC_MODULE = healthDevice_WatchKit_Extension;
				INFOPLIST_FILE = "healthDevice WatchKit App/Info.plist";
				PRODUCT_BUNDLE_IDENTIFIER = com.rubin.healthDevice.watchkitapp;
				PRODUCT_NAME = "$(TARGET_NAME)";
				PROVISIONING_PROFILE_SPECIFIER = "";
				SDKROOT = watchos;
				SKIP_INSTALL = YES;
				SWIFT_VERSION = 4.2;
				TARGETED_DEVICE_FAMILY = 4;
				WATCHOS_DEPLOYMENT_TARGET = 5.0;
			};
			name = Debug;
		};
		55DE11D2216CD30D005DC7D7 /* Release */ = {
			isa = XCBuildConfiguration;
			baseConfigurationReference = 25ED0223F42F354F6BA82D67 /* Pods-healthDevice WatchKit App.release.xcconfig */;
			buildSettings = {
				ALWAYS_EMBED_SWIFT_STANDARD_LIBRARIES = YES;
				ASSETCATALOG_COMPILER_APPICON_NAME = AppIcon;
				CODE_SIGN_IDENTITY = "iPhone Developer";
				CODE_SIGN_STYLE = Automatic;
				DEVELOPMENT_TEAM = 5U5WX6GL2F;
				IBSC_MODULE = healthDevice_WatchKit_Extension;
				INFOPLIST_FILE = "healthDevice WatchKit App/Info.plist";
				PRODUCT_BUNDLE_IDENTIFIER = com.rubin.healthDevice.watchkitapp;
				PRODUCT_NAME = "$(TARGET_NAME)";
				PROVISIONING_PROFILE_SPECIFIER = "";
				SDKROOT = watchos;
				SKIP_INSTALL = YES;
				SWIFT_VERSION = 4.2;
				TARGETED_DEVICE_FAMILY = 4;
				WATCHOS_DEPLOYMENT_TARGET = 5.0;
			};
			name = Release;
		};
		55DE11D5216CD30D005DC7D7 /* Debug */ = {
			isa = XCBuildConfiguration;
			baseConfigurationReference = 5E954C60F79064B50FF71786 /* Pods-healthDevice.debug.xcconfig */;
			buildSettings = {
				ASSETCATALOG_COMPILER_APPICON_NAME = AppIcon;
				CODE_SIGN_ENTITLEMENTS = healthDevice/healthDevice.entitlements;
				CODE_SIGN_IDENTITY = "iPhone Developer";
				CODE_SIGN_STYLE = Automatic;
				DEVELOPMENT_TEAM = 5U5WX6GL2F;
				INFOPLIST_FILE = healthDevice/Info.plist;
				LD_RUNPATH_SEARCH_PATHS = (
					"$(inherited)",
					"@executable_path/Frameworks",
				);
				PRODUCT_BUNDLE_IDENTIFIER = com.rubin.healthDevice;
				PRODUCT_NAME = "$(TARGET_NAME)";
				PROVISIONING_PROFILE_SPECIFIER = "";
				SWIFT_VERSION = 4.2;
				TARGETED_DEVICE_FAMILY = 1;
			};
			name = Debug;
		};
		55DE11D6216CD30D005DC7D7 /* Release */ = {
			isa = XCBuildConfiguration;
			baseConfigurationReference = C825D791D5AB8164CD9B324A /* Pods-healthDevice.release.xcconfig */;
			buildSettings = {
				ASSETCATALOG_COMPILER_APPICON_NAME = AppIcon;
				CODE_SIGN_ENTITLEMENTS = healthDevice/healthDevice.entitlements;
				CODE_SIGN_IDENTITY = "iPhone Developer";
				CODE_SIGN_STYLE = Automatic;
				DEVELOPMENT_TEAM = 5U5WX6GL2F;
				INFOPLIST_FILE = healthDevice/Info.plist;
				LD_RUNPATH_SEARCH_PATHS = (
					"$(inherited)",
					"@executable_path/Frameworks",
				);
				PRODUCT_BUNDLE_IDENTIFIER = com.rubin.healthDevice;
				PRODUCT_NAME = "$(TARGET_NAME)";
				PROVISIONING_PROFILE_SPECIFIER = "";
				SWIFT_VERSION = 4.2;
				TARGETED_DEVICE_FAMILY = 1;
			};
			name = Release;
		};
/* End XCBuildConfiguration section */

/* Begin XCConfigurationList section */
		55DE1193216CD30A005DC7D7 /* Build configuration list for PBXProject "healthDevice" */ = {
			isa = XCConfigurationList;
			buildConfigurations = (
				55DE11CA216CD30D005DC7D7 /* Debug */,
				55DE11CB216CD30D005DC7D7 /* Release */,
			);
			defaultConfigurationIsVisible = 0;
			defaultConfigurationName = Release;
		};
		55DE11CC216CD30D005DC7D7 /* Build configuration list for PBXNativeTarget "healthDevice WatchKit Extension" */ = {
			isa = XCConfigurationList;
			buildConfigurations = (
				55DE11CD216CD30D005DC7D7 /* Debug */,
				55DE11CE216CD30D005DC7D7 /* Release */,
			);
			defaultConfigurationIsVisible = 0;
			defaultConfigurationName = Release;
		};
		55DE11D0216CD30D005DC7D7 /* Build configuration list for PBXNativeTarget "healthDevice WatchKit App" */ = {
			isa = XCConfigurationList;
			buildConfigurations = (
				55DE11D1216CD30D005DC7D7 /* Debug */,
				55DE11D2216CD30D005DC7D7 /* Release */,
			);
			defaultConfigurationIsVisible = 0;
			defaultConfigurationName = Release;
		};
		55DE11D4216CD30D005DC7D7 /* Build configuration list for PBXNativeTarget "healthDevice" */ = {
			isa = XCConfigurationList;
			buildConfigurations = (
				55DE11D5216CD30D005DC7D7 /* Debug */,
				55DE11D6216CD30D005DC7D7 /* Release */,
			);
			defaultConfigurationIsVisible = 0;
			defaultConfigurationName = Release;
		};
/* End XCConfigurationList section */
	};
	rootObject = 55DE1190216CD30A005DC7D7 /* Project object */;
}
